// !$*UTF8*$!
{
	archiveVersion = 1;
	classes = {
	};
	objectVersion = 46;
	objects = {

/* Begin PBXBuildFile section */
		40BF4C9A1C94712A0070965C /* main.m in Sources */ = {isa = PBXBuildFile; fileRef = 40BF4C991C94712A0070965C /* main.m */; };
		40BF4C9D1C94712A0070965C /* AppDelegate.m in Sources */ = {isa = PBXBuildFile; fileRef = 40BF4C9C1C94712A0070965C /* AppDelegate.m */; };
		40BF4CA01C94712A0070965C /* ViewController.m in Sources */ = {isa = PBXBuildFile; fileRef = 40BF4C9F1C94712A0070965C /* ViewController.m */; };
		40BF4CA31C94712A0070965C /* Main.storyboard in Resources */ = {isa = PBXBuildFile; fileRef = 40BF4CA11C94712A0070965C /* Main.storyboard */; };
		40BF4CA51C94712A0070965C /* Assets.xcassets in Resources */ = {isa = PBXBuildFile; fileRef = 40BF4CA41C94712A0070965C /* Assets.xcassets */; };
		40BF4CA81C94712A0070965C /* LaunchScreen.storyboard in Resources */ = {isa = PBXBuildFile; fileRef = 40BF4CA61C94712A0070965C /* LaunchScreen.storyboard */; };
		40BF4CB41C9472AD0070965C /* dog.jpg in Resources */ = {isa = PBXBuildFile; fileRef = 40BF4CB31C9472AD0070965C /* dog.jpg */; };
		40BF4CB71C9473E20070965C /* CustomModalViewController.m in Sources */ = {isa = PBXBuildFile; fileRef = 40BF4CB61C9473E20070965C /* CustomModalViewController.m */; };
/* End PBXBuildFile section */

/* Begin PBXFileReference section */
		40BF4C951C94712A0070965C /* TransitionsDemo.app */ = {isa = PBXFileReference; explicitFileType = wrapper.application; includeInIndex = 0; path = TransitionsDemo.app; sourceTree = BUILT_PRODUCTS_DIR; };
		40BF4C991C94712A0070965C /* main.m */ = {isa = PBXFileReference; lastKnownFileType = sourcecode.c.objc; path = main.m; sourceTree = "<group>"; };
		40BF4C9B1C94712A0070965C /* AppDelegate.h */ = {isa = PBXFileReference; lastKnownFileType = sourcecode.c.h; path = AppDelegate.h; sourceTree = "<group>"; };
		40BF4C9C1C94712A0070965C /* AppDelegate.m */ = {isa = PBXFileReference; lastKnownFileType = sourcecode.c.objc; path = AppDelegate.m; sourceTree = "<group>"; };
		40BF4C9E1C94712A0070965C /* ViewController.h */ = {isa = PBXFileReference; lastKnownFileType = sourcecode.c.h; path = ViewController.h; sourceTree = "<group>"; };
		40BF4C9F1C94712A0070965C /* ViewController.m */ = {isa = PBXFileReference; lastKnownFileType = sourcecode.c.objc; path = ViewController.m; sourceTree = "<group>"; };
		40BF4CA21C94712A0070965C /* Base */ = {isa = PBXFileReference; lastKnownFileType = file.storyboard; name = Base; path = Base.lproj/Main.storyboard; sourceTree = "<group>"; };
		40BF4CA41C94712A0070965C /* Assets.xcassets */ = {isa = PBXFileReference; lastKnownFileType = folder.assetcatalog; path = Assets.xcassets; sourceTree = "<group>"; };
		40BF4CA71C94712A0070965C /* Base */ = {isa = PBXFileReference; lastKnownFileType = file.storyboard; name = Base; path = Base.lproj/LaunchScreen.storyboard; sourceTree = "<group>"; };
		40BF4CA91C94712A0070965C /* Info.plist */ = {isa = PBXFileReference; lastKnownFileType = text.plist.xml; path = Info.plist; sourceTree = "<group>"; };
		40BF4CB31C9472AD0070965C /* dog.jpg */ = {isa = PBXFileReference; lastKnownFileType = image.jpeg; path = dog.jpg; sourceTree = "<group>"; };
		40BF4CB51C9473E20070965C /* CustomModalViewController.h */ = {isa = PBXFileReference; fileEncoding = 4; lastKnownFileType = sourcecode.c.h; path = CustomModalViewController.h; sourceTree = "<group>"; };
		40BF4CB61C9473E20070965C /* CustomModalViewController.m */ = {isa = PBXFileReference; fileEncoding = 4; lastKnownFileType = sourcecode.c.objc; path = CustomModalViewController.m; sourceTree = "<group>"; };
/* End PBXFileReference section */

/* Begin PBXFrameworksBuildPhase section */
		40BF4C921C94712A0070965C /* Frameworks */ = {
			isa = PBXFrameworksBuildPhase;
			buildActionMask = 2147483647;
			files = (
			);
			runOnlyForDeploymentPostprocessing = 0;
		};
/* End PBXFrameworksBuildPhase section */

/* Begin PBXGroup section */
		40BF4C8C1C94712A0070965C = {
			isa = PBXGroup;
			children = (
				40BF4C971C94712A0070965C /* TransitionsDemo */,
				40BF4C961C94712A0070965C /* Products */,
			);
			sourceTree = "<group>";
		};
		40BF4C961C94712A0070965C /* Products */ = {
			isa = PBXGroup;
			children = (
				40BF4C951C94712A0070965C /* TransitionsDemo.app */,
			);
			name = Products;
			sourceTree = "<group>";
		};
		40BF4C971C94712A0070965C /* TransitionsDemo */ = {
			isa = PBXGroup;
			children = (
				40BF4C9B1C94712A0070965C /* AppDelegate.h */,
				40BF4C9C1C94712A0070965C /* AppDelegate.m */,
				40BF4CA41C94712A0070965C /* Assets.xcassets */,
				40BF4CB51C9473E20070965C /* CustomModalViewController.h */,
				40BF4CB61C9473E20070965C /* CustomModalViewController.m */,
				40BF4CA91C94712A0070965C /* Info.plist */,
				40BF4CA61C94712A0070965C /* LaunchScreen.storyboard */,
				40BF4CA11C94712A0070965C /* Main.storyboard */,
				40BF4C981C94712A0070965C /* Supporting Files */,
				40BF4C9E1C94712A0070965C /* ViewController.h */,
				40BF4C9F1C94712A0070965C /* ViewController.m */,
			);
			path = TransitionsDemo;
			sourceTree = "<group>";
		};
		40BF4C981C94712A0070965C /* Supporting Files */ = {
			isa = PBXGroup;
			children = (
				40BF4CB31C9472AD0070965C /* dog.jpg */,
				40BF4C991C94712A0070965C /* main.m */,
			);
			name = "Supporting Files";
			sourceTree = "<group>";
		};
/* End PBXGroup section */

/* Begin PBXNativeTarget section */
		40BF4C941C94712A0070965C /* TransitionsDemo */ = {
			isa = PBXNativeTarget;
			buildConfigurationList = 40BF4CAC1C94712A0070965C /* Build configuration list for PBXNativeTarget "TransitionsDemo" */;
			buildPhases = (
				40BF4C911C94712A0070965C /* Sources */,
				40BF4C921C94712A0070965C /* Frameworks */,
				40BF4C931C94712A0070965C /* Resources */,
			);
			buildRules = (
			);
			dependencies = (
			);
			name = TransitionsDemo;
			productName = TransitionsDemo;
			productReference = 40BF4C951C94712A0070965C /* TransitionsDemo.app */;
			productType = "com.apple.product-type.application";
		};
/* End PBXNativeTarget section */

/* Begin PBXProject section */
		40BF4C8D1C94712A0070965C /* Project object */ = {
			isa = PBXProject;
			attributes = {
				LastUpgradeCheck = 0720;
				ORGANIZATIONNAME = Ewan;
				TargetAttributes = {
					40BF4C941C94712A0070965C = {
						CreatedOnToolsVersion = 7.2.1;
						DevelopmentTeam = 2V85H35D54;
					};
				};
			};
			buildConfigurationList = 40BF4C901C94712A0070965C /* Build configuration list for PBXProject "TransitionsDemo" */;
			compatibilityVersion = "Xcode 3.2";
			developmentRegion = English;
			hasScannedForEncodings = 0;
			knownRegions = (
				en,
				Base,
			);
			mainGroup = 40BF4C8C1C94712A0070965C;
			productRefGroup = 40BF4C961C94712A0070965C /* Products */;
			projectDirPath = "";
			projectRoot = "";
			targets = (
				40BF4C941C94712A0070965C /* TransitionsDemo */,
			);
		};
/* End PBXProject section */

/* Begin PBXResourcesBuildPhase section */
		40BF4C931C94712A0070965C /* Resources */ = {
			isa = PBXResourcesBuildPhase;
			buildActionMask = 2147483647;
			files = (
				40BF4CB41C9472AD0070965C /* dog.jpg in Resources */,
				40BF4CA81C94712A0070965C /* LaunchScreen.storyboard in Resources */,
				40BF4CA51C94712A0070965C /* Assets.xcassets in Resources */,
				40BF4CA31C94712A0070965C /* Main.storyboard in Resources */,
			);
			runOnlyForDeploymentPostprocessing = 0;
		};
/* End PBXResourcesBuildPhase section */

/* Begin PBXSourcesBuildPhase section */
		40BF4C911C94712A0070965C /* Sources */ = {
			isa = PBXSourcesBuildPhase;
			buildActionMask = 2147483647;
			files = (
				40BF4CA01C94712A0070965C /* ViewController.m in Sources */,
				40BF4CB71C9473E20070965C /* CustomModalViewController.m in Sources */,
				40BF4C9D1C94712A0070965C /* AppDelegate.m in Sources */,
				40BF4C9A1C94712A0070965C /* main.m in Sources */,
			);
			runOnlyForDeploymentPostprocessing = 0;
		};
/* End PBXSourcesBuildPhase section */

/* Begin PBXVariantGroup section */
		40BF4CA11C94712A0070965C /* Main.storyboard */ = {
			isa = PBXVariantGroup;
			children = (
				40BF4CA21C94712A0070965C /* Base */,
			);
			name = Main.storyboard;
			sourceTree = "<group>";
		};
		40BF4CA61C94712A0070965C /* LaunchScreen.storyboard */ = {
			isa = PBXVariantGroup;
			children = (
				40BF4CA71C94712A0070965C /* Base */,
			);
			name = LaunchScreen.storyboard;
			sourceTree = "<group>";
		};
/* End PBXVariantGroup section */

/* Begin XCBuildConfiguration section */
		40BF4CAA1C94712A0070965C /* Debug */ = {
			isa = XCBuildConfiguration;
			buildSettings = {
				ALWAYS_SEARCH_USER_PATHS = NO;
				CLANG_CXX_LANGUAGE_STANDARD = "gnu++0x";
				CLANG_CXX_LIBRARY = "libc++";
				CLANG_ENABLE_MODULES = YES;
				CLANG_ENABLE_OBJC_ARC = YES;
				CLANG_WARN_BOOL_CONVERSION = YES;
				CLANG_WARN_CONSTANT_CONVERSION = YES;
				CLANG_WARN_DIRECT_OBJC_ISA_USAGE = YES_ERROR;
				CLANG_WARN_EMPTY_BODY = YES;
				CLANG_WARN_ENUM_CONVERSION = YES;
				CLANG_WARN_INT_CONVERSION = YES;
				CLANG_WARN_OBJC_ROOT_CLASS = YES_ERROR;
				CLANG_WARN_UNREACHABLE_CODE = YES;
				CLANG_WARN__DUPLICATE_METHOD_MATCH = YES;
				"CODE_SIGN_IDENTITY[sdk=iphoneos*]" = "iPhone Developer";
				COPY_PHASE_STRIP = NO;
				DEBUG_INFORMATION_FORMAT = dwarf;
				ENABLE_STRICT_OBJC_MSGSEND = YES;
				ENABLE_TESTABILITY = YES;
				GCC_C_LANGUAGE_STANDARD = gnu99;
				GCC_DYNAMIC_NO_PIC = NO;
				GCC_NO_COMMON_BLOCKS = YES;
				GCC_OPTIMIZATION_LEVEL = 0;
				GCC_PREPROCESSOR_DEFINITIONS = (
					"DEBUG=1",
					"$(inherited)",
				);
				GCC_WARN_64_TO_32_BIT_CONVERSION = YES;
				GCC_WARN_ABOUT_RETURN_TYPE = YES_ERROR;
				GCC_WARN_UNDECLARED_SELECTOR = YES;
				GCC_WARN_UNINITIALIZED_AUTOS = YES_AGGRESSIVE;
				GCC_WARN_UNUSED_FUNCTION = YES;
				GCC_WARN_UNUSED_VARIABLE = YES;
				IPHONEOS_DEPLOYMENT_TARGET = 9.2;
				MTL_ENABLE_DEBUG_INFO = YES;
				ONLY_ACTIVE_ARCH = YES;
				SDKROOT = iphoneos;
			};
			name = Debug;
		};
		40BF4CAB1C94712A0070965C /* Release */ = {
			isa = XCBuildConfiguration;
			buildSettings = {
				ALWAYS_SEARCH_USER_PATHS = NO;
				CLANG_CXX_LANGUAGE_STANDARD = "gnu++0x";
				CLANG_CXX_LIBRARY = "libc++";
				CLANG_ENABLE_MODULES = YES;
				CLANG_ENABLE_OBJC_ARC = YES;
				CLANG_WARN_BOOL_CONVERSION = YES;
				CLANG_WARN_CONSTANT_CONVERSION = YES;
				CLANG_WARN_DIRECT_OBJC_ISA_USAGE = YES_ERROR;
				CLANG_WARN_EMPTY_BODY = YES;
				CLANG_WARN_ENUM_CONVERSION = YES;
				CLANG_WARN_INT_CONVERSION = YES;
				CLANG_WARN_OBJC_ROOT_CLASS = YES_ERROR;
				CLANG_WARN_UNREACHABLE_CODE = YES;
				CLANG_WARN__DUPLICATE_METHOD_MATCH = YES;
				"CODE_SIGN_IDENTITY[sdk=iphoneos*]" = "iPhone Developer";
				COPY_PHASE_STRIP = NO;
				DEBUG_INFORMATION_FORMAT = "dwarf-with-dsym";
				ENABLE_NS_ASSERTIONS = NO;
				ENABLE_STRICT_OBJC_MSGSEND = YES;
				GCC_C_LANGUAGE_STANDARD = gnu99;
				GCC_NO_COMMON_BLOCKS = YES;
				GCC_WARN_64_TO_32_BIT_CONVERSION = YES;
				GCC_WARN_ABOUT_RETURN_TYPE = YES_ERROR;
				GCC_WARN_UNDECLARED_SELECTOR = YES;
				GCC_WARN_UNINITIALIZED_AUTOS = YES_AGGRESSIVE;
				GCC_WARN_UNUSED_FUNCTION = YES;
				GCC_WARN_UNUSED_VARIABLE = YES;
				IPHONEOS_DEPLOYMENT_TARGET = 9.2;
				MTL_ENABLE_DEBUG_INFO = NO;
				SDKROOT = iphoneos;
				VALIDATE_PRODUCT = YES;
			};
			name = Release;
		};
		40BF4CAD1C94712A0070965C /* Debug */ = {
			isa = XCBuildConfiguration;
			buildSettings = {
				ASSETCATALOG_COMPILER_APPICON_NAME = AppIcon;
				INFOPLIST_FILE = TransitionsDemo/Info.plist;
				LD_RUNPATH_SEARCH_PATHS = "$(inherited) @executable_path/Frameworks";
				PRODUCT_BUNDLE_IDENTIFIER = com.ewan.TransitionsDemo;
				PRODUCT_NAME = "$(TARGET_NAME)";
			};
			name = Debug;
		};
		40BF4CAE1C94712A0070965C /* Release */ = {
			isa = XCBuildConfiguration;
			buildSettings = {
				ASSETCATALOG_COMPILER_APPICON_NAME = AppIcon;
				INFOPLIST_FILE = TransitionsDemo/Info.plist;
				LD_RUNPATH_SEARCH_PATHS = "$(inherited) @executable_path/Frameworks";
				PRODUCT_BUNDLE_IDENTIFIER = com.ewan.TransitionsDemo;
				PRODUCT_NAME = "$(TARGET_NAME)";
			};
			name = Release;
		};
/* End XCBuildConfiguration section */

/* Begin XCConfigurationList section */
		40BF4C901C94712A0070965C /* Build configuration list for PBXProject "TransitionsDemo" */ = {
			isa = XCConfigurationList;
			buildConfigurations = (
				40BF4CAA1C94712A0070965C /* Debug */,
				40BF4CAB1C94712A0070965C /* Release */,
			);
			defaultConfigurationIsVisible = 0;
			defaultConfigurationName = Release;
		};
		40BF4CAC1C94712A0070965C /* Build configuration list for PBXNativeTarget "TransitionsDemo" */ = {
			isa = XCConfigurationList;
			buildConfigurations = (
				40BF4CAD1C94712A0070965C /* Debug */,
				40BF4CAE1C94712A0070965C /* Release */,
			);
			defaultConfigurationIsVisible = 0;
		};
/* End XCConfigurationList section */
	};
	rootObject = 40BF4C8D1C94712A0070965C /* Project object */;
}
